
Microsoft Visual Studio Solution File, Format Version 12.00
# Visual Studio Version 16
VisualStudioVersion = 16.0.28803.352
MinimumVisualStudioVersion = 10.0.40219.1
Project("{FAE04EC0-301F-11D3-BF4B-00C04F79EFBC}") = "tp7", "tp7\tp7.csproj", "{F6A731F7-AA67-410B-B03E-66E31B875FE2}"
EndProject
Global
	GlobalSection(SolutionConfigurationPlatforms) = preSolution
		Debug|Any CPU = Debug|Any CPU
		Release|Any CPU = Release|Any CPU
	EndGlobalSection
	GlobalSection(ProjectConfigurationPlatforms) = postSolution
		{F6A731F7-AA67-410B-B03E-66E31B875FE2}.Debug|Any CPU.ActiveCfg = Debug|Any CPU
		{F6A731F7-AA67-410B-B03E-66E31B875FE2}.Debug|Any CPU.Build.0 = Debug|Any CPU
		{F6A731F7-AA67-410B-B03E-66E31B875FE2}.Release|Any CPU.ActiveCfg = Release|Any CPU
		{F6A731F7-AA67-410B-B03E-66E31B875FE2}.Release|Any CPU.Build.0 = Release|Any CPU
	EndGlobalSection
	GlobalSection(SolutionProperties) = preSolution
		HideSolutionNode = FALSE
	EndGlobalSection
	GlobalSection(ExtensibilityGlobals) = postSolution
		SolutionGuid = {D18DADD5-31C2-49A8-B088-6DB6B06D057D}
	EndGlobalSection
EndGlobal
